PODS:
  - Flutter (1.0.0)
  - flutter_addtoapp_bridge (0.0.1):
    - Flutter

DEPENDENCIES:
  - Flutter (from `Flutter`)
  - flutter_addtoapp_bridge (from `.symlinks/plugins/flutter_addtoapp_bridge/ios`)

EXTERNAL SOURCES:
  Flutter:
    :path: Flutter
  flutter_addtoapp_bridge:
    :path: ".symlinks/plugins/flutter_addtoapp_bridge/ios"

SPEC CHECKSUMS:
  Flutter: 50d75fe2f02b26cc09d224853bb45737f8b3214a
  flutter_addtoapp_bridge: 1988cb97d1ee24a75efc4174f1edd92585d6d094

PODFILE CHECKSUM: a5ead389ae8478b2f010fbadad4f103eae9ff09f

COCOAPODS: 1.11.3
